// !$*UTF8*$!
{
	archiveVersion = 1;
	classes = {
	};
	objectVersion = 46;
	objects = {

/* Begin PBXBuildFile section */
		2ED420C5FD73246907812F80 /* Pods_SystemSounds_Example.framework in Frameworks */ = {isa = PBXBuildFile; fileRef = 6F666DD7411B1250AFE7D973 /* Pods_SystemSounds_Example.framework */; };
		5CED4F281EC6257500948FC4 /* AppDelegate.swift in Sources */ = {isa = PBXBuildFile; fileRef = 5CED4F271EC6257500948FC4 /* AppDelegate.swift */; };
		5CED4F2A1EC6257500948FC4 /* ViewController.swift in Sources */ = {isa = PBXBuildFile; fileRef = 5CED4F291EC6257500948FC4 /* ViewController.swift */; };
		5CED4F2D1EC6257500948FC4 /* Main.storyboard in Resources */ = {isa = PBXBuildFile; fileRef = 5CED4F2B1EC6257500948FC4 /* Main.storyboard */; };
		5CED4F2F1EC6257500948FC4 /* Assets.xcassets in Resources */ = {isa = PBXBuildFile; fileRef = 5CED4F2E1EC6257500948FC4 /* Assets.xcassets */; };
		5CED4F321EC6257500948FC4 /* LaunchScreen.storyboard in Resources */ = {isa = PBXBuildFile; fileRef = 5CED4F301EC6257500948FC4 /* LaunchScreen.storyboard */; };
/* End PBXBuildFile section */

/* Begin PBXFileReference section */
		5CED4F241EC6257500948FC4 /* SystemSounds-Example.app */ = {isa = PBXFileReference; explicitFileType = wrapper.application; includeInIndex = 0; path = "SystemSounds-Example.app"; sourceTree = BUILT_PRODUCTS_DIR; };
		5CED4F271EC6257500948FC4 /* AppDelegate.swift */ = {isa = PBXFileReference; lastKnownFileType = sourcecode.swift; path = AppDelegate.swift; sourceTree = "<group>"; };
		5CED4F291EC6257500948FC4 /* ViewController.swift */ = {isa = PBXFileReference; lastKnownFileType = sourcecode.swift; path = ViewController.swift; sourceTree = "<group>"; };
		5CED4F2C1EC6257500948FC4 /* Base */ = {isa = PBXFileReference; lastKnownFileType = file.storyboard; name = Base; path = Base.lproj/Main.storyboard; sourceTree = "<group>"; };
		5CED4F2E1EC6257500948FC4 /* Assets.xcassets */ = {isa = PBXFileReference; lastKnownFileType = folder.assetcatalog; path = Assets.xcassets; sourceTree = "<group>"; };
		5CED4F311EC6257500948FC4 /* Base */ = {isa = PBXFileReference; lastKnownFileType = file.storyboard; name = Base; path = Base.lproj/LaunchScreen.storyboard; sourceTree = "<group>"; };
		5CED4F331EC6257500948FC4 /* Info.plist */ = {isa = PBXFileReference; lastKnownFileType = text.plist.xml; path = Info.plist; sourceTree = "<group>"; };
		6F666DD7411B1250AFE7D973 /* Pods_SystemSounds_Example.framework */ = {isa = PBXFileReference; explicitFileType = wrapper.framework; includeInIndex = 0; path = Pods_SystemSounds_Example.framework; sourceTree = BUILT_PRODUCTS_DIR; };
		9EE7E419E0258ECADBFA39E3 /* Pods-SystemSounds-Example.debug.xcconfig */ = {isa = PBXFileReference; includeInIndex = 1; lastKnownFileType = text.xcconfig; name = "Pods-SystemSounds-Example.debug.xcconfig"; path = "Pods/Target Support Files/Pods-SystemSounds-Example/Pods-SystemSounds-Example.debug.xcconfig"; sourceTree = "<group>"; };
		C1D53962084A6D050D37F63C /* Pods-SystemSounds-Example.release.xcconfig */ = {isa = PBXFileReference; includeInIndex = 1; lastKnownFileType = text.xcconfig; name = "Pods-SystemSounds-Example.release.xcconfig"; path = "Pods/Target Support Files/Pods-SystemSounds-Example/Pods-SystemSounds-Example.release.xcconfig"; sourceTree = "<group>"; };
/* End PBXFileReference section */

/* Begin PBXFrameworksBuildPhase section */
		5CED4F211EC6257500948FC4 /* Frameworks */ = {
			isa = PBXFrameworksBuildPhase;
			buildActionMask = 2147483647;
			files = (
				2ED420C5FD73246907812F80 /* Pods_SystemSounds_Example.framework in Frameworks */,
			);
			runOnlyForDeploymentPostprocessing = 0;
		};
/* End PBXFrameworksBuildPhase section */

/* Begin PBXGroup section */
		5CED4F1B1EC6257500948FC4 = {
			isa = PBXGroup;
			children = (
				5CED4F261EC6257500948FC4 /* SystemSounds-Example */,
				5CED4F251EC6257500948FC4 /* Products */,
				90537AA105E180854B9C75EA /* Pods */,
				97916A73252814DF09C3E9C6 /* Frameworks */,
			);
			sourceTree = "<group>";
		};
		5CED4F251EC6257500948FC4 /* Products */ = {
			isa = PBXGroup;
			children = (
				5CED4F241EC6257500948FC4 /* SystemSounds-Example.app */,
			);
			name = Products;
			sourceTree = "<group>";
		};
		5CED4F261EC6257500948FC4 /* SystemSounds-Example */ = {
			isa = PBXGroup;
			children = (
				5CED4F271EC6257500948FC4 /* AppDelegate.swift */,
				5CED4F291EC6257500948FC4 /* ViewController.swift */,
				5CED4F2B1EC6257500948FC4 /* Main.storyboard */,
				5CED4F2E1EC6257500948FC4 /* Assets.xcassets */,
				5CED4F301EC6257500948FC4 /* LaunchScreen.storyboard */,
				5CED4F331EC6257500948FC4 /* Info.plist */,
			);
			path = "SystemSounds-Example";
			sourceTree = "<group>";
		};
		90537AA105E180854B9C75EA /* Pods */ = {
			isa = PBXGroup;
			children = (
				9EE7E419E0258ECADBFA39E3 /* Pods-SystemSounds-Example.debug.xcconfig */,
				C1D53962084A6D050D37F63C /* Pods-SystemSounds-Example.release.xcconfig */,
			);
			name = Pods;
			sourceTree = "<group>";
		};
		97916A73252814DF09C3E9C6 /* Frameworks */ = {
			isa = PBXGroup;
			children = (
				6F666DD7411B1250AFE7D973 /* Pods_SystemSounds_Example.framework */,
			);
			name = Frameworks;
			sourceTree = "<group>";
		};
/* End PBXGroup section */

/* Begin PBXNativeTarget section */
		5CED4F231EC6257500948FC4 /* SystemSounds-Example */ = {
			isa = PBXNativeTarget;
			buildConfigurationList = 5CED4F361EC6257500948FC4 /* Build configuration list for PBXNativeTarget "SystemSounds-Example" */;
			buildPhases = (
				3E8789F61FE6E3B4E3841B5C /* [CP] Check Pods Manifest.lock */,
				5CED4F201EC6257500948FC4 /* Sources */,
				5CED4F211EC6257500948FC4 /* Frameworks */,
				5CED4F221EC6257500948FC4 /* Resources */,
				1156FC2DE6F40584F37CA777 /* [CP] Embed Pods Frameworks */,
				F1B659DE25DE7B9AEBC7C861 /* [CP] Copy Pods Resources */,
			);
			buildRules = (
			);
			dependencies = (
			);
			name = "SystemSounds-Example";
			productName = "SystemSounds-Example";
			productReference = 5CED4F241EC6257500948FC4 /* SystemSounds-Example.app */;
			productType = "com.apple.product-type.application";
		};
/* End PBXNativeTarget section */

/* Begin PBXProject section */
		5CED4F1C1EC6257500948FC4 /* Project object */ = {
			isa = PBXProject;
			attributes = {
				LastSwiftUpdateCheck = 0830;
				LastUpgradeCheck = 0830;
				ORGANIZATIONNAME = Meniny;
				TargetAttributes = {
					5CED4F231EC6257500948FC4 = {
						CreatedOnToolsVersion = 8.3.2;
						DevelopmentTeam = 63YL5QDMNS;
						ProvisioningStyle = Automatic;
					};
				};
			};
			buildConfigurationList = 5CED4F1F1EC6257500948FC4 /* Build configuration list for PBXProject "SystemSounds-Example" */;
			compatibilityVersion = "Xcode 3.2";
			developmentRegion = English;
			hasScannedForEncodings = 0;
			knownRegions = (
				en,
				Base,
			);
			mainGroup = 5CED4F1B1EC6257500948FC4;
			productRefGroup = 5CED4F251EC6257500948FC4 /* Products */;
			projectDirPath = "";
			projectRoot = "";
			targets = (
				5CED4F231EC6257500948FC4 /* SystemSounds-Example */,
			);
		};
/* End PBXProject section */

/* Begin PBXResourcesBuildPhase section */
		5CED4F221EC6257500948FC4 /* Resources */ = {
			isa = PBXResourcesBuildPhase;
			buildActionMask = 2147483647;
			files = (
				5CED4F321EC6257500948FC4 /* LaunchScreen.storyboard in Resources */,
				5CED4F2F1EC6257500948FC4 /* Assets.xcassets in Resources */,
				5CED4F2D1EC6257500948FC4 /* Main.storyboard in Resources */,
			);
			runOnlyForDeploymentPostprocessing = 0;
		};
/* End PBXResourcesBuildPhase section */

/* Begin PBXShellScriptBuildPhase section */
		1156FC2DE6F40584F37CA777 /* [CP] Embed Pods Frameworks */ = {
			isa = PBXShellScriptBuildPhase;
			buildActionMask = 2147483647;
			files = (
			);
			inputPaths = (
			);
			name = "[CP] Embed Pods Frameworks";
			outputPaths = (
			);
			runOnlyForDeploymentPostprocessing = 0;
			shellPath = /bin/sh;
			shellScript = "\"${SRCROOT}/Pods/Target Support Files/Pods-SystemSounds-Example/Pods-SystemSounds-Example-frameworks.sh\"\n";
			showEnvVarsInLog = 0;
		};
		3E8789F61FE6E3B4E3841B5C /* [CP] Check Pods Manifest.lock */ = {
			isa = PBXShellScriptBuildPhase;
			buildActionMask = 2147483647;
			files = (
			);
			inputPaths = (
			);
			name = "[CP] Check Pods Manifest.lock";
			outputPaths = (
			);
			runOnlyForDeploymentPostprocessing = 0;
			shellPath = /bin/sh;
			shellScript = "diff \"${PODS_PODFILE_DIR_PATH}/Podfile.lock\" \"${PODS_ROOT}/Manifest.lock\" > /dev/null\nif [ $? != 0 ] ; then\n    # print error to STDERR\n    echo \"error: The sandbox is not in sync with the Podfile.lock. Run 'pod install' or update your CocoaPods installation.\" >&2\n    exit 1\nfi\n";
			showEnvVarsInLog = 0;
		};
		F1B659DE25DE7B9AEBC7C861 /* [CP] Copy Pods Resources */ = {
			isa = PBXShellScriptBuildPhase;
			buildActionMask = 2147483647;
			files = (
			);
			inputPaths = (
			);
			name = "[CP] Copy Pods Resources";
			outputPaths = (
			);
			runOnlyForDeploymentPostprocessing = 0;
			shellPath = /bin/sh;
			shellScript = "\"${SRCROOT}/Pods/Target Support Files/Pods-SystemSounds-Example/Pods-SystemSounds-Example-resources.sh\"\n";
			showEnvVarsInLog = 0;
		};
/* End PBXShellScriptBuildPhase section */

/* Begin PBXSourcesBuildPhase section */
		5CED4F201EC6257500948FC4 /* Sources */ = {
			isa = PBXSourcesBuildPhase;
			buildActionMask = 2147483647;
			files = (
				5CED4F2A1EC6257500948FC4 /* ViewController.swift in Sources */,
				5CED4F281EC6257500948FC4 /* AppDelegate.swift in Sources */,
			);
			runOnlyForDeploymentPostprocessing = 0;
		};
/* End PBXSourcesBuildPhase section */

/* Begin PBXVariantGroup section */
		5CED4F2B1EC6257500948FC4 /* Main.storyboard */ = {
			isa = PBXVariantGroup;
			children = (
				5CED4F2C1EC6257500948FC4 /* Base */,
			);
			name = Main.storyboard;
			sourceTree = "<group>";
		};
		5CED4F301EC6257500948FC4 /* LaunchScreen.storyboard */ = {
			isa = PBXVariantGroup;
			children = (
				5CED4F311EC6257500948FC4 /* Base */,
			);
			name = LaunchScreen.storyboard;
			sourceTree = "<group>";
		};
/* End PBXVariantGroup section */

/* Begin XCBuildConfiguration section */
		5CED4F341EC6257500948FC4 /* Debug */ = {
			isa = XCBuildConfiguration;
			buildSettings = {
				ALWAYS_SEARCH_USER_PATHS = NO;
				CLANG_ANALYZER_NONNULL = YES;
				CLANG_ANALYZER_NUMBER_OBJECT_CONVERSION = YES_AGGRESSIVE;
				CLANG_CXX_LANGUAGE_STANDARD = "gnu++0x";
				CLANG_CXX_LIBRARY = "libc++";
				CLANG_ENABLE_MODULES = YES;
				CLANG_ENABLE_OBJC_ARC = YES;
				CLANG_WARN_BOOL_CONVERSION = YES;
				CLANG_WARN_CONSTANT_CONVERSION = YES;
				CLANG_WARN_DIRECT_OBJC_ISA_USAGE = YES_ERROR;
				CLANG_WARN_DOCUMENTATION_COMMENTS = YES;
				CLANG_WARN_EMPTY_BODY = YES;
				CLANG_WARN_ENUM_CONVERSION = YES;
				CLANG_WARN_INFINITE_RECURSION = YES;
				CLANG_WARN_INT_CONVERSION = YES;
				CLANG_WARN_OBJC_ROOT_CLASS = YES_ERROR;
				CLANG_WARN_SUSPICIOUS_MOVE = YES;
				CLANG_WARN_UNREACHABLE_CODE = YES;
				CLANG_WARN__DUPLICATE_METHOD_MATCH = YES;
				"CODE_SIGN_IDENTITY[sdk=iphoneos*]" = "iPhone Developer";
				COPY_PHASE_STRIP = NO;
				DEBUG_INFORMATION_FORMAT = dwarf;
				ENABLE_STRICT_OBJC_MSGSEND = YES;
				ENABLE_TESTABILITY = YES;
				GCC_C_LANGUAGE_STANDARD = gnu99;
				GCC_DYNAMIC_NO_PIC = NO;
				GCC_NO_COMMON_BLOCKS = YES;
				GCC_OPTIMIZATION_LEVEL = 0;
				GCC_PREPROCESSOR_DEFINITIONS = (
					"DEBUG=1",
					"$(inherited)",
				);
				GCC_WARN_64_TO_32_BIT_CONVERSION = YES;
				GCC_WARN_ABOUT_RETURN_TYPE = YES_ERROR;
				GCC_WARN_UNDECLARED_SELECTOR = YES;
				GCC_WARN_UNINITIALIZED_AUTOS = YES_AGGRESSIVE;
				GCC_WARN_UNUSED_FUNCTION = YES;
				GCC_WARN_UNUSED_VARIABLE = YES;
				IPHONEOS_DEPLOYMENT_TARGET = 10.3;
				MTL_ENABLE_DEBUG_INFO = YES;
				ONLY_ACTIVE_ARCH = YES;
				SDKROOT = iphoneos;
				SWIFT_ACTIVE_COMPILATION_CONDITIONS = DEBUG;
				SWIFT_OPTIMIZATION_LEVEL = "-Onone";
				TARGETED_DEVICE_FAMILY = "1,2";
			};
			name = Debug;
		};
		5CED4F351EC6257500948FC4 /* Release */ = {
			isa = XCBuildConfiguration;
			buildSettings = {
				ALWAYS_SEARCH_USER_PATHS = NO;
				CLANG_ANALYZER_NONNULL = YES;
				CLANG_ANALYZER_NUMBER_OBJECT_CONVERSION = YES_AGGRESSIVE;
				CLANG_CXX_LANGUAGE_STANDARD = "gnu++0x";
				CLANG_CXX_LIBRARY = "libc++";
				CLANG_ENABLE_MODULES = YES;
				CLANG_ENABLE_OBJC_ARC = YES;
				CLANG_WARN_BOOL_CONVERSION = YES;
				CLANG_WARN_CONSTANT_CONVERSION = YES;
				CLANG_WARN_DIRECT_OBJC_ISA_USAGE = YES_ERROR;
				CLANG_WARN_DOCUMENTATION_COMMENTS = YES;
				CLANG_WARN_EMPTY_BODY = YES;
				CLANG_WARN_ENUM_CONVERSION = YES;
				CLANG_WARN_INFINITE_RECURSION = YES;
				CLANG_WARN_INT_CONVERSION = YES;
				CLANG_WARN_OBJC_ROOT_CLASS = YES_ERROR;
				CLANG_WARN_SUSPICIOUS_MOVE = YES;
				CLANG_WARN_UNREACHABLE_CODE = YES;
				CLANG_WARN__DUPLICATE_METHOD_MATCH = YES;
				"CODE_SIGN_IDENTITY[sdk=iphoneos*]" = "iPhone Developer";
				COPY_PHASE_STRIP = NO;
				DEBUG_INFORMATION_FORMAT = "dwarf-with-dsym";
				ENABLE_NS_ASSERTIONS = NO;
				ENABLE_STRICT_OBJC_MSGSEND = YES;
				GCC_C_LANGUAGE_STANDARD = gnu99;
				GCC_NO_COMMON_BLOCKS = YES;
				GCC_WARN_64_TO_32_BIT_CONVERSION = YES;
				GCC_WARN_ABOUT_RETURN_TYPE = YES_ERROR;
				GCC_WARN_UNDECLARED_SELECTOR = YES;
				GCC_WARN_UNINITIALIZED_AUTOS = YES_AGGRESSIVE;
				GCC_WARN_UNUSED_FUNCTION = YES;
				GCC_WARN_UNUSED_VARIABLE = YES;
				IPHONEOS_DEPLOYMENT_TARGET = 10.3;
				MTL_ENABLE_DEBUG_INFO = NO;
				SDKROOT = iphoneos;
				SWIFT_OPTIMIZATION_LEVEL = "-Owholemodule";
				TARGETED_DEVICE_FAMILY = "1,2";
				VALIDATE_PRODUCT = YES;
			};
			name = Release;
		};
		5CED4F371EC6257500948FC4 /* Debug */ = {
			isa = XCBuildConfiguration;
			baseConfigurationReference = 9EE7E419E0258ECADBFA39E3 /* Pods-SystemSounds-Example.debug.xcconfig */;
			buildSettings = {
				ASSETCATALOG_COMPILER_APPICON_NAME = AppIcon;
				DEVELOPMENT_TEAM = 63YL5QDMNS;
				INFOPLIST_FILE = "SystemSounds-Example/Info.plist";
				IPHONEOS_DEPLOYMENT_TARGET = 8.0;
				LD_RUNPATH_SEARCH_PATHS = "$(inherited) @executable_path/Frameworks";
				PRODUCT_BUNDLE_IDENTIFIER = "cn.meniny.SystemSounds-Example";
				PRODUCT_NAME = "$(TARGET_NAME)";
				SWIFT_VERSION = 3.0;
			};
			name = Debug;
		};
		5CED4F381EC6257500948FC4 /* Release */ = {
			isa = XCBuildConfiguration;
			baseConfigurationReference = C1D53962084A6D050D37F63C /* Pods-SystemSounds-Example.release.xcconfig */;
			buildSettings = {
				ASSETCATALOG_COMPILER_APPICON_NAME = AppIcon;
				DEVELOPMENT_TEAM = 63YL5QDMNS;
				INFOPLIST_FILE = "SystemSounds-Example/Info.plist";
				IPHONEOS_DEPLOYMENT_TARGET = 8.0;
				LD_RUNPATH_SEARCH_PATHS = "$(inherited) @executable_path/Frameworks";
				PRODUCT_BUNDLE_IDENTIFIER = "cn.meniny.SystemSounds-Example";
				PRODUCT_NAME = "$(TARGET_NAME)";
				SWIFT_VERSION = 3.0;
			};
			name = Release;
		};
/* End XCBuildConfiguration section */

/* Begin XCConfigurationList section */
		5CED4F1F1EC6257500948FC4 /* Build configuration list for PBXProject "SystemSounds-Example" */ = {
			isa = XCConfigurationList;
			buildConfigurations = (
				5CED4F341EC6257500948FC4 /* Debug */,
				5CED4F351EC6257500948FC4 /* Release */,
			);
			defaultConfigurationIsVisible = 0;
			defaultConfigurationName = Release;
		};
		5CED4F361EC6257500948FC4 /* Build configuration list for PBXNativeTarget "SystemSounds-Example" */ = {
			isa = XCConfigurationList;
			buildConfigurations = (
				5CED4F371EC6257500948FC4 /* Debug */,
				5CED4F381EC6257500948FC4 /* Release */,
			);
			defaultConfigurationIsVisible = 0;
			defaultConfigurationName = Release;
		};
/* End XCConfigurationList section */
	};
	rootObject = 5CED4F1C1EC6257500948FC4 /* Project object */;
}
